
Microsoft Visual Studio Solution File, Format Version 12.00
# Visual Studio 15
VisualStudioVersion = 15.0.26124.0
MinimumVisualStudioVersion = 15.0.26124.0
Project("{FAE04EC0-301F-11D3-BF4B-00C04F79EFBC}") = "console_app", "console_app\console_app.csproj", "{1EF48007-D979-4EE0-9A32-57DCBE61B2B9}"
EndProject
Project("{FAE04EC0-301F-11D3-BF4B-00C04F79EFBC}") = "GameTOP.Lib", "GameTOP.Lib\GameTOP.Lib.csproj", "{E6B73048-BAC1-4988-B10F-119B0C2A6AAF}"
EndProject
Project("{FAE04EC0-301F-11D3-BF4B-00C04F79EFBC}") = "GameTOP.Interface", "GameTOP.Interface\GameTOP.Interface.csproj", "{F2FFE8AE-621D-47C1-917F-37A517F49673}"
EndProject
Global
	GlobalSection(SolutionConfigurationPlatforms) = preSolution
		Debug|Any CPU = Debug|Any CPU
		Debug|x64 = Debug|x64
		Debug|x86 = Debug|x86
		Release|Any CPU = Release|Any CPU
		Release|x64 = Release|x64
		Release|x86 = Release|x86
	EndGlobalSection
	GlobalSection(SolutionProperties) = preSolution
		HideSolutionNode = FALSE
	EndGlobalSection
	GlobalSection(ProjectConfigurationPlatforms) = postSolution
		{1EF48007-D979-4EE0-9A32-57DCBE61B2B9}.Debug|Any CPU.ActiveCfg = Debug|Any CPU
		{1EF48007-D979-4EE0-9A32-57DCBE61B2B9}.Debug|Any CPU.Build.0 = Debug|Any CPU
		{1EF48007-D979-4EE0-9A32-57DCBE61B2B9}.Debug|x64.ActiveCfg = Debug|Any CPU
		{1EF48007-D979-4EE0-9A32-57DCBE61B2B9}.Debug|x64.Build.0 = Debug|Any CPU
		{1EF48007-D979-4EE0-9A32-57DCBE61B2B9}.Debug|x86.ActiveCfg = Debug|Any CPU
		{1EF48007-D979-4EE0-9A32-57DCBE61B2B9}.Debug|x86.Build.0 = Debug|Any CPU
		{1EF48007-D979-4EE0-9A32-57DCBE61B2B9}.Release|Any CPU.ActiveCfg = Release|Any CPU
		{1EF48007-D979-4EE0-9A32-57DCBE61B2B9}.Release|Any CPU.Build.0 = Release|Any CPU
		{1EF48007-D979-4EE0-9A32-57DCBE61B2B9}.Release|x64.ActiveCfg = Release|Any CPU
		{1EF48007-D979-4EE0-9A32-57DCBE61B2B9}.Release|x64.Build.0 = Release|Any CPU
		{1EF48007-D979-4EE0-9A32-57DCBE61B2B9}.Release|x86.ActiveCfg = Release|Any CPU
		{1EF48007-D979-4EE0-9A32-57DCBE61B2B9}.Release|x86.Build.0 = Release|Any CPU
		{E6B73048-BAC1-4988-B10F-119B0C2A6AAF}.Debug|Any CPU.ActiveCfg = Debug|Any CPU
		{E6B73048-BAC1-4988-B10F-119B0C2A6AAF}.Debug|Any CPU.Build.0 = Debug|Any CPU
		{E6B73048-BAC1-4988-B10F-119B0C2A6AAF}.Debug|x64.ActiveCfg = Debug|Any CPU
		{E6B73048-BAC1-4988-B10F-119B0C2A6AAF}.Debug|x64.Build.0 = Debug|Any CPU
		{E6B73048-BAC1-4988-B10F-119B0C2A6AAF}.Debug|x86.ActiveCfg = Debug|Any CPU
		{E6B73048-BAC1-4988-B10F-119B0C2A6AAF}.Debug|x86.Build.0 = Debug|Any CPU
		{E6B73048-BAC1-4988-B10F-119B0C2A6AAF}.Release|Any CPU.ActiveCfg = Release|Any CPU
		{E6B73048-BAC1-4988-B10F-119B0C2A6AAF}.Release|Any CPU.Build.0 = Release|Any CPU
		{E6B73048-BAC1-4988-B10F-119B0C2A6AAF}.Release|x64.ActiveCfg = Release|Any CPU
		{E6B73048-BAC1-4988-B10F-119B0C2A6AAF}.Release|x64.Build.0 = Release|Any CPU
		{E6B73048-BAC1-4988-B10F-119B0C2A6AAF}.Release|x86.ActiveCfg = Release|Any CPU
		{E6B73048-BAC1-4988-B10F-119B0C2A6AAF}.Release|x86.Build.0 = Release|Any CPU
		{F2FFE8AE-621D-47C1-917F-37A517F49673}.Debug|Any CPU.ActiveCfg = Debug|Any CPU
		{F2FFE8AE-621D-47C1-917F-37A517F49673}.Debug|Any CPU.Build.0 = Debug|Any CPU
		{F2FFE8AE-621D-47C1-917F-37A517F49673}.Debug|x64.ActiveCfg = Debug|Any CPU
		{F2FFE8AE-621D-47C1-917F-37A517F49673}.Debug|x64.Build.0 = Debug|Any CPU
		{F2FFE8AE-621D-47C1-917F-37A517F49673}.Debug|x86.ActiveCfg = Debug|Any CPU
		{F2FFE8AE-621D-47C1-917F-37A517F49673}.Debug|x86.Build.0 = Debug|Any CPU
		{F2FFE8AE-621D-47C1-917F-37A517F49673}.Release|Any CPU.ActiveCfg = Release|Any CPU
		{F2FFE8AE-621D-47C1-917F-37A517F49673}.Release|Any CPU.Build.0 = Release|Any CPU
		{F2FFE8AE-621D-47C1-917F-37A517F49673}.Release|x64.ActiveCfg = Release|Any CPU
		{F2FFE8AE-621D-47C1-917F-37A517F49673}.Release|x64.Build.0 = Release|Any CPU
		{F2FFE8AE-621D-47C1-917F-37A517F49673}.Release|x86.ActiveCfg = Release|Any CPU
		{F2FFE8AE-621D-47C1-917F-37A517F49673}.Release|x86.Build.0 = Release|Any CPU
	EndGlobalSection
EndGlobal
